
Microsoft Visual Studio Solution File, Format Version 12.00
# Visual Studio Version 17
VisualStudioVersion = 17.8.34511.84
MinimumVisualStudioVersion = 10.0.40219.1
Project("{FAE04EC0-301F-11D3-BF4B-00C04F79EFBC}") = "WpfApp12", "WpfApp12\WpfApp12.csproj", "{4DF14C4A-AC93-4F44-A9C0-F2F9A00CCD19}"
EndProject
Global
	GlobalSection(SolutionConfigurationPlatforms) = preSolution
		Debug|Any CPU = Debug|Any CPU
		Release|Any CPU = Release|Any CPU
	EndGlobalSection
	GlobalSection(ProjectConfigurationPlatforms) = postSolution
		{4DF14C4A-AC93-4F44-A9C0-F2F9A00CCD19}.Debug|Any CPU.ActiveCfg = Debug|Any CPU
		{4DF14C4A-AC93-4F44-A9C0-F2F9A00CCD19}.Debug|Any CPU.Build.0 = Debug|Any CPU
		{4DF14C4A-AC93-4F44-A9C0-F2F9A00CCD19}.Release|Any CPU.ActiveCfg = Release|Any CPU
		{4DF14C4A-AC93-4F44-A9C0-F2F9A00CCD19}.Release|Any CPU.Build.0 = Release|Any CPU
	EndGlobalSection
	GlobalSection(SolutionProperties) = preSolution
		HideSolutionNode = FALSE
	EndGlobalSection
	GlobalSection(ExtensibilityGlobals) = postSolution
		SolutionGuid = {075B2A82-D39A-448E-99CC-EF04CF8488E4}
	EndGlobalSection
EndGlobal
